
Microsoft Visual Studio Solution File, Format Version 12.00
# Visual Studio Version 17
VisualStudioVersion = 17.6.33815.320
MinimumVisualStudioVersion = 10.0.40219.1
Project("{FAE04EC0-301F-11D3-BF4B-00C04F79EFBC}") = "Schedule-Constructor", "Schedule-Constructor\Schedule-Constructor.csproj", "{DF7FDFE4-9099-42EC-95E0-2370ED0E510F}"
EndProject
Global
	GlobalSection(SolutionConfigurationPlatforms) = preSolution
		Debug|Any CPU = Debug|Any CPU
		Release|Any CPU = Release|Any CPU
	EndGlobalSection
	GlobalSection(ProjectConfigurationPlatforms) = postSolution
		{DF7FDFE4-9099-42EC-95E0-2370ED0E510F}.Debug|Any CPU.ActiveCfg = Debug|Any CPU
		{DF7FDFE4-9099-42EC-95E0-2370ED0E510F}.Debug|Any CPU.Build.0 = Debug|Any CPU
		{DF7FDFE4-9099-42EC-95E0-2370ED0E510F}.Release|Any CPU.ActiveCfg = Release|Any CPU
		{DF7FDFE4-9099-42EC-95E0-2370ED0E510F}.Release|Any CPU.Build.0 = Release|Any CPU
	EndGlobalSection
	GlobalSection(SolutionProperties) = preSolution
		HideSolutionNode = FALSE
	EndGlobalSection
	GlobalSection(ExtensibilityGlobals) = postSolution
		SolutionGuid = {23909A14-7B28-43D9-8F4D-17296F6A3BD1}
	EndGlobalSection
EndGlobal
